// !$*UTF8*$!
{
	archiveVersion = 1;
	classes = {
	};
	objectVersion = 46;
	objects = {

/* Begin PBXBuildFile section */
		64DFD9D61D781CBC00B38BCC /* AppDelegate.swift in Sources */ = {isa = PBXBuildFile; fileRef = 64DFD9D51D781CBC00B38BCC /* AppDelegate.swift */; };
		64DFD9D81D781CBC00B38BCC /* ViewController.swift in Sources */ = {isa = PBXBuildFile; fileRef = 64DFD9D71D781CBC00B38BCC /* ViewController.swift */; };
		64DFD9DB1D781CBC00B38BCC /* Main.storyboard in Resources */ = {isa = PBXBuildFile; fileRef = 64DFD9D91D781CBC00B38BCC /* Main.storyboard */; };
		64DFD9DD1D781CBC00B38BCC /* Assets.xcassets in Resources */ = {isa = PBXBuildFile; fileRef = 64DFD9DC1D781CBC00B38BCC /* Assets.xcassets */; };
		64DFD9E01D781CBC00B38BCC /* LaunchScreen.storyboard in Resources */ = {isa = PBXBuildFile; fileRef = 64DFD9DE1D781CBC00B38BCC /* LaunchScreen.storyboard */; };
/* End PBXBuildFile section */

/* Begin PBXFileReference section */
		64DFD9D21D781CBC00B38BCC /* ResizableSpinner.app */ = {isa = PBXFileReference; explicitFileType = wrapper.application; includeInIndex = 0; path = ResizableSpinner.app; sourceTree = BUILT_PRODUCTS_DIR; };
		64DFD9D51D781CBC00B38BCC /* AppDelegate.swift */ = {isa = PBXFileReference; lastKnownFileType = sourcecode.swift; path = AppDelegate.swift; sourceTree = "<group>"; };
		64DFD9D71D781CBC00B38BCC /* ViewController.swift */ = {isa = PBXFileReference; lastKnownFileType = sourcecode.swift; path = ViewController.swift; sourceTree = "<group>"; };
		64DFD9DA1D781CBC00B38BCC /* Base */ = {isa = PBXFileReference; lastKnownFileType = file.storyboard; name = Base; path = Base.lproj/Main.storyboard; sourceTree = "<group>"; };
		64DFD9DC1D781CBC00B38BCC /* Assets.xcassets */ = {isa = PBXFileReference; lastKnownFileType = folder.assetcatalog; path = Assets.xcassets; sourceTree = "<group>"; };
		64DFD9DF1D781CBC00B38BCC /* Base */ = {isa = PBXFileReference; lastKnownFileType = file.storyboard; name = Base; path = Base.lproj/LaunchScreen.storyboard; sourceTree = "<group>"; };
		64DFD9E11D781CBC00B38BCC /* Info.plist */ = {isa = PBXFileReference; lastKnownFileType = text.plist.xml; path = Info.plist; sourceTree = "<group>"; };
/* End PBXFileReference section */

/* Begin PBXFrameworksBuildPhase section */
		64DFD9CF1D781CBC00B38BCC /* Frameworks */ = {
			isa = PBXFrameworksBuildPhase;
			buildActionMask = 2147483647;
			files = (
			);
			runOnlyForDeploymentPostprocessing = 0;
		};
/* End PBXFrameworksBuildPhase section */

/* Begin PBXGroup section */
		64DFD9C91D781CBC00B38BCC = {
			isa = PBXGroup;
			children = (
				64DFD9D41D781CBC00B38BCC /* ResizableSpinner */,
				64DFD9D31D781CBC00B38BCC /* Products */,
			);
			sourceTree = "<group>";
		};
		64DFD9D31D781CBC00B38BCC /* Products */ = {
			isa = PBXGroup;
			children = (
				64DFD9D21D781CBC00B38BCC /* ResizableSpinner.app */,
			);
			name = Products;
			sourceTree = "<group>";
		};
		64DFD9D41D781CBC00B38BCC /* ResizableSpinner */ = {
			isa = PBXGroup;
			children = (
				64DFD9D51D781CBC00B38BCC /* AppDelegate.swift */,
				64DFD9D71D781CBC00B38BCC /* ViewController.swift */,
				64DFD9D91D781CBC00B38BCC /* Main.storyboard */,
				64DFD9DC1D781CBC00B38BCC /* Assets.xcassets */,
				64DFD9DE1D781CBC00B38BCC /* LaunchScreen.storyboard */,
				64DFD9E11D781CBC00B38BCC /* Info.plist */,
			);
			path = ResizableSpinner;
			sourceTree = "<group>";
		};
/* End PBXGroup section */

/* Begin PBXNativeTarget section */
		64DFD9D11D781CBC00B38BCC /* ResizableSpinner */ = {
			isa = PBXNativeTarget;
			buildConfigurationList = 64DFD9E41D781CBC00B38BCC /* Build configuration list for PBXNativeTarget "ResizableSpinner" */;
			buildPhases = (
				64DFD9CE1D781CBC00B38BCC /* Sources */,
				64DFD9CF1D781CBC00B38BCC /* Frameworks */,
				64DFD9D01D781CBC00B38BCC /* Resources */,
			);
			buildRules = (
			);
			dependencies = (
			);
			name = ResizableSpinner;
			productName = ResizableSpinner;
			productReference = 64DFD9D21D781CBC00B38BCC /* ResizableSpinner.app */;
			productType = "com.apple.product-type.application";
		};
/* End PBXNativeTarget section */

/* Begin PBXProject section */
		64DFD9CA1D781CBC00B38BCC /* Project object */ = {
			isa = PBXProject;
			attributes = {
				LastSwiftUpdateCheck = 0730;
				LastUpgradeCheck = 0730;
				ORGANIZATIONNAME = "Naresh Kumar";
				TargetAttributes = {
					64DFD9D11D781CBC00B38BCC = {
						CreatedOnToolsVersion = 7.3;
					};
				};
			};
			buildConfigurationList = 64DFD9CD1D781CBC00B38BCC /* Build configuration list for PBXProject "ResizableSpinner" */;
			compatibilityVersion = "Xcode 3.2";
			developmentRegion = English;
			hasScannedForEncodings = 0;
			knownRegions = (
				en,
				Base,
			);
			mainGroup = 64DFD9C91D781CBC00B38BCC;
			productRefGroup = 64DFD9D31D781CBC00B38BCC /* Products */;
			projectDirPath = "";
			projectRoot = "";
			targets = (
				64DFD9D11D781CBC00B38BCC /* ResizableSpinner */,
			);
		};
/* End PBXProject section */

/* Begin PBXResourcesBuildPhase section */
		64DFD9D01D781CBC00B38BCC /* Resources */ = {
			isa = PBXResourcesBuildPhase;
			buildActionMask = 2147483647;
			files = (
				64DFD9E01D781CBC00B38BCC /* LaunchScreen.storyboard in Resources */,
				64DFD9DD1D781CBC00B38BCC /* Assets.xcassets in Resources */,
				64DFD9DB1D781CBC00B38BCC /* Main.storyboard in Resources */,
			);
			runOnlyForDeploymentPostprocessing = 0;
		};
/* End PBXResourcesBuildPhase section */

/* Begin PBXSourcesBuildPhase section */
		64DFD9CE1D781CBC00B38BCC /* Sources */ = {
			isa = PBXSourcesBuildPhase;
			buildActionMask = 2147483647;
			files = (
				64DFD9D81D781CBC00B38BCC /* ViewController.swift in Sources */,
				64DFD9D61D781CBC00B38BCC /* AppDelegate.swift in Sources */,
			);
			runOnlyForDeploymentPostprocessing = 0;
		};
/* End PBXSourcesBuildPhase section */

/* Begin PBXVariantGroup section */
		64DFD9D91D781CBC00B38BCC /* Main.storyboard */ = {
			isa = PBXVariantGroup;
			children = (
				64DFD9DA1D781CBC00B38BCC /* Base */,
			);
			name = Main.storyboard;
			sourceTree = "<group>";
		};
		64DFD9DE1D781CBC00B38BCC /* LaunchScreen.storyboard */ = {
			isa = PBXVariantGroup;
			children = (
				64DFD9DF1D781CBC00B38BCC /* Base */,
			);
			name = LaunchScreen.storyboard;
			sourceTree = "<group>";
		};
/* End PBXVariantGroup section */

/* Begin XCBuildConfiguration section */
		64DFD9E21D781CBC00B38BCC /* Debug */ = {
			isa = XCBuildConfiguration;
			buildSettings = {
				ALWAYS_SEARCH_USER_PATHS = NO;
				CLANG_ANALYZER_NONNULL = YES;
				CLANG_CXX_LANGUAGE_STANDARD = "gnu++0x";
				CLANG_CXX_LIBRARY = "libc++";
				CLANG_ENABLE_MODULES = YES;
				CLANG_ENABLE_OBJC_ARC = YES;
				CLANG_WARN_BOOL_CONVERSION = YES;
				CLANG_WARN_CONSTANT_CONVERSION = YES;
				CLANG_WARN_DIRECT_OBJC_ISA_USAGE = YES_ERROR;
				CLANG_WARN_EMPTY_BODY = YES;
				CLANG_WARN_ENUM_CONVERSION = YES;
				CLANG_WARN_INT_CONVERSION = YES;
				CLANG_WARN_OBJC_ROOT_CLASS = YES_ERROR;
				CLANG_WARN_UNREACHABLE_CODE = YES;
				CLANG_WARN__DUPLICATE_METHOD_MATCH = YES;
				"CODE_SIGN_IDENTITY[sdk=iphoneos*]" = "iPhone Developer";
				COPY_PHASE_STRIP = NO;
				DEBUG_INFORMATION_FORMAT = dwarf;
				ENABLE_STRICT_OBJC_MSGSEND = YES;
				ENABLE_TESTABILITY = YES;
				GCC_C_LANGUAGE_STANDARD = gnu99;
				GCC_DYNAMIC_NO_PIC = NO;
				GCC_NO_COMMON_BLOCKS = YES;
				GCC_OPTIMIZATION_LEVEL = 0;
				GCC_PREPROCESSOR_DEFINITIONS = (
					"DEBUG=1",
					"$(inherited)",
				);
				GCC_WARN_64_TO_32_BIT_CONVERSION = YES;
				GCC_WARN_ABOUT_RETURN_TYPE = YES_ERROR;
				GCC_WARN_UNDECLARED_SELECTOR = YES;
				GCC_WARN_UNINITIALIZED_AUTOS = YES_AGGRESSIVE;
				GCC_WARN_UNUSED_FUNCTION = YES;
				GCC_WARN_UNUSED_VARIABLE = YES;
				IPHONEOS_DEPLOYMENT_TARGET = 9.3;
				MTL_ENABLE_DEBUG_INFO = YES;
				ONLY_ACTIVE_ARCH = YES;
				SDKROOT = iphoneos;
				SWIFT_OPTIMIZATION_LEVEL = "-Onone";
			};
			name = Debug;
		};
		64DFD9E31D781CBC00B38BCC /* Release */ = {
			isa = XCBuildConfiguration;
			buildSettings = {
				ALWAYS_SEARCH_USER_PATHS = NO;
				CLANG_ANALYZER_NONNULL = YES;
				CLANG_CXX_LANGUAGE_STANDARD = "gnu++0x";
				CLANG_CXX_LIBRARY = "libc++";
				CLANG_ENABLE_MODULES = YES;
				CLANG_ENABLE_OBJC_ARC = YES;
				CLANG_WARN_BOOL_CONVERSION = YES;
				CLANG_WARN_CONSTANT_CONVERSION = YES;
				CLANG_WARN_DIRECT_OBJC_ISA_USAGE = YES_ERROR;
				CLANG_WARN_EMPTY_BODY = YES;
				CLANG_WARN_ENUM_CONVERSION = YES;
				CLANG_WARN_INT_CONVERSION = YES;
				CLANG_WARN_OBJC_ROOT_CLASS = YES_ERROR;
				CLANG_WARN_UNREACHABLE_CODE = YES;
				CLANG_WARN__DUPLICATE_METHOD_MATCH = YES;
				"CODE_SIGN_IDENTITY[sdk=iphoneos*]" = "iPhone Developer";
				COPY_PHASE_STRIP = NO;
				DEBUG_INFORMATION_FORMAT = "dwarf-with-dsym";
				ENABLE_NS_ASSERTIONS = NO;
				ENABLE_STRICT_OBJC_MSGSEND = YES;
				GCC_C_LANGUAGE_STANDARD = gnu99;
				GCC_NO_COMMON_BLOCKS = YES;
				GCC_WARN_64_TO_32_BIT_CONVERSION = YES;
				GCC_WARN_ABOUT_RETURN_TYPE = YES_ERROR;
				GCC_WARN_UNDECLARED_SELECTOR = YES;
				GCC_WARN_UNINITIALIZED_AUTOS = YES_AGGRESSIVE;
				GCC_WARN_UNUSED_FUNCTION = YES;
				GCC_WARN_UNUSED_VARIABLE = YES;
				IPHONEOS_DEPLOYMENT_TARGET = 9.3;
				MTL_ENABLE_DEBUG_INFO = NO;
				SDKROOT = iphoneos;
				VALIDATE_PRODUCT = YES;
			};
			name = Release;
		};
		64DFD9E51D781CBC00B38BCC /* Debug */ = {
			isa = XCBuildConfiguration;
			buildSettings = {
				ASSETCATALOG_COMPILER_APPICON_NAME = AppIcon;
				INFOPLIST_FILE = ResizableSpinner/Info.plist;
				LD_RUNPATH_SEARCH_PATHS = "$(inherited) @executable_path/Frameworks";
				PRODUCT_BUNDLE_IDENTIFIER = com.spinner.ResizableSpinner;
				PRODUCT_NAME = "$(TARGET_NAME)";
			};
			name = Debug;
		};
		64DFD9E61D781CBC00B38BCC /* Release */ = {
			isa = XCBuildConfiguration;
			buildSettings = {
				ASSETCATALOG_COMPILER_APPICON_NAME = AppIcon;
				INFOPLIST_FILE = ResizableSpinner/Info.plist;
				LD_RUNPATH_SEARCH_PATHS = "$(inherited) @executable_path/Frameworks";
				PRODUCT_BUNDLE_IDENTIFIER = com.spinner.ResizableSpinner;
				PRODUCT_NAME = "$(TARGET_NAME)";
			};
			name = Release;
		};
/* End XCBuildConfiguration section */

/* Begin XCConfigurationList section */
		64DFD9CD1D781CBC00B38BCC /* Build configuration list for PBXProject "ResizableSpinner" */ = {
			isa = XCConfigurationList;
			buildConfigurations = (
				64DFD9E21D781CBC00B38BCC /* Debug */,
				64DFD9E31D781CBC00B38BCC /* Release */,
			);
			defaultConfigurationIsVisible = 0;
			defaultConfigurationName = Release;
		};
		64DFD9E41D781CBC00B38BCC /* Build configuration list for PBXNativeTarget "ResizableSpinner" */ = {
			isa = XCConfigurationList;
			buildConfigurations = (
				64DFD9E51D781CBC00B38BCC /* Debug */,
				64DFD9E61D781CBC00B38BCC /* Release */,
			);
			defaultConfigurationIsVisible = 0;
		};
/* End XCConfigurationList section */
	};
	rootObject = 64DFD9CA1D781CBC00B38BCC /* Project object */;
}
